{
  "name": "chunkcase-converter",
  "displayName": "ChunkCase Converter",
  "description": "Convert camelCase and other naming styles into ChunkCase (__chunk__style).",
  "version": "0.0.1",
  "publisher": "Razib Saha",
  "engines": {
    "vscode": "^1.50.0"
  },
  "categories": [
    "Other"
  ],
  "activationEvents": [
    "onCommand:chunkcase.convert"
  ],
  "main": "extension.js",
  "contributes": {
    "commands": [
      {
        "command": "chunkcase.convert",
        "title": "Convert to ChunkCase"
      }
    ]
  },
  "scripts": {
    "test": "echo \"No tests yet\""
  }
}
